PODS:
  - Nuke (9.5.1)
  - TinyConstraints (4.0.2)

DEPENDENCIES:
  - "Nuke (from `git@github.com:kean/Nuke.git`, tag `10.3.0`)"
  - TinyConstraints

SPEC REPOS:
  trunk:
    - TinyConstraints

EXTERNAL SOURCES:
  Nuke:
    :git: "git@github.com:kean/Nuke.git"
    :tag: 10.3.0

CHECKOUT OPTIONS:
  Nuke:
    :git: "git@github.com:kean/Nuke.git"
    :tag: 10.3.0

SPEC CHECKSUMS:
  Nuke: 2c1e5d49c9f92433c7f74a78b21292853aeda727
  TinyConstraints: 7b7ccc0c485bb3bb47082138ff28bc33cd49897f

PODFILE CHECKSUM: c30da85fcd3e4cd8c8509e752834bd75ab5e5ca1

COCOAPODS: 1.15.2
