// !$*UTF8*$!
{
	archiveVersion = 1;
	classes = {
	};
	objectVersion = 46;
	objects = {

/* Begin PBXBuildFile section */
		111575B31E845B9300A05C5E /* Assets.xcassets in Resources */ = {isa = PBXBuildFile; fileRef = 111575B21E845B9300A05C5E /* Assets.xcassets */; };
		111575B61E845B9300A05C5E /* LaunchScreen.storyboard in Resources */ = {isa = PBXBuildFile; fileRef = 111575B41E845B9300A05C5E /* LaunchScreen.storyboard */; };
		486092AF24C2C58D000A3014 /* AppDelegate.swift in Sources */ = {isa = PBXBuildFile; fileRef = 111575BE1E845BE800A05C5E /* AppDelegate.swift */; };
		486092B024C2C58D000A3014 /* ImageDemoViewController.swift in Sources */ = {isa = PBXBuildFile; fileRef = 111575C11E845BE800A05C5E /* ImageDemoViewController.swift */; };
		48AF8B7F2CB5ED2C0077D3C5 /* ImageDemoView.swift in Sources */ = {isa = PBXBuildFile; fileRef = 48AF8B7E2CB5ED260077D3C5 /* ImageDemoView.swift */; };
		48AF8B812CB5FAAA0077D3C5 /* MenuViewController.swift in Sources */ = {isa = PBXBuildFile; fileRef = 48AF8B802CB5FAA50077D3C5 /* MenuViewController.swift */; };
		48AF8B832CB60D660077D3C5 /* Item.swift in Sources */ = {isa = PBXBuildFile; fileRef = 48AF8B822CB60D630077D3C5 /* Item.swift */; };
		F38507E46016230BCD464FF7 /* Pods_WinstonBoilerPlate.framework in Frameworks */ = {isa = PBXBuildFile; fileRef = 1E8CEDC6B6C2D3DD5FE13FE1 /* Pods_WinstonBoilerPlate.framework */; };
/* End PBXBuildFile section */

/* Begin PBXFileReference section */
		020846AB7F5B856727A58D6C /* Pods-WinstonBoilerPlate.debug.xcconfig */ = {isa = PBXFileReference; includeInIndex = 1; lastKnownFileType = text.xcconfig; name = "Pods-WinstonBoilerPlate.debug.xcconfig"; path = "Target Support Files/Pods-WinstonBoilerPlate/Pods-WinstonBoilerPlate.debug.xcconfig"; sourceTree = "<group>"; };
		111575B21E845B9300A05C5E /* Assets.xcassets */ = {isa = PBXFileReference; lastKnownFileType = folder.assetcatalog; path = Assets.xcassets; sourceTree = "<group>"; };
		111575B51E845B9300A05C5E /* Base */ = {isa = PBXFileReference; lastKnownFileType = file.storyboard; name = Base; path = Base.lproj/LaunchScreen.storyboard; sourceTree = "<group>"; };
		111575B71E845B9300A05C5E /* Info.plist */ = {isa = PBXFileReference; lastKnownFileType = text.plist.xml; path = Info.plist; sourceTree = "<group>"; };
		111575BE1E845BE800A05C5E /* AppDelegate.swift */ = {isa = PBXFileReference; fileEncoding = 4; lastKnownFileType = sourcecode.swift; path = AppDelegate.swift; sourceTree = "<group>"; };
		111575C11E845BE800A05C5E /* ImageDemoViewController.swift */ = {isa = PBXFileReference; fileEncoding = 4; lastKnownFileType = sourcecode.swift; path = ImageDemoViewController.swift; sourceTree = "<group>"; };
		1E8CEDC6B6C2D3DD5FE13FE1 /* Pods_WinstonBoilerPlate.framework */ = {isa = PBXFileReference; explicitFileType = wrapper.framework; includeInIndex = 0; path = Pods_WinstonBoilerPlate.framework; sourceTree = BUILT_PRODUCTS_DIR; };
		48AF8B7E2CB5ED260077D3C5 /* ImageDemoView.swift */ = {isa = PBXFileReference; lastKnownFileType = sourcecode.swift; path = ImageDemoView.swift; sourceTree = "<group>"; };
		48AF8B802CB5FAA50077D3C5 /* MenuViewController.swift */ = {isa = PBXFileReference; lastKnownFileType = sourcecode.swift; path = MenuViewController.swift; sourceTree = "<group>"; };
		48AF8B822CB60D630077D3C5 /* Item.swift */ = {isa = PBXFileReference; lastKnownFileType = sourcecode.swift; path = Item.swift; sourceTree = "<group>"; };
		48D6667B24C2CA7D00B80074 /* WinstonsBoilerPlate.app */ = {isa = PBXFileReference; explicitFileType = wrapper.application; includeInIndex = 0; path = WinstonsBoilerPlate.app; sourceTree = BUILT_PRODUCTS_DIR; };
		906600465DFA62A615CE64A0 /* Pods-WinstonBoilerPlate.release.xcconfig */ = {isa = PBXFileReference; includeInIndex = 1; lastKnownFileType = text.xcconfig; name = "Pods-WinstonBoilerPlate.release.xcconfig"; path = "Target Support Files/Pods-WinstonBoilerPlate/Pods-WinstonBoilerPlate.release.xcconfig"; sourceTree = "<group>"; };
/* End PBXFileReference section */

/* Begin PBXFrameworksBuildPhase section */
		111575A51E845B9300A05C5E /* Frameworks */ = {
			isa = PBXFrameworksBuildPhase;
			buildActionMask = 2147483647;
			files = (
				F38507E46016230BCD464FF7 /* Pods_WinstonBoilerPlate.framework in Frameworks */,
			);
			runOnlyForDeploymentPostprocessing = 0;
		};
/* End PBXFrameworksBuildPhase section */

/* Begin PBXGroup section */
		1115759F1E845B9300A05C5E = {
			isa = PBXGroup;
			children = (
				111575AA1E845B9300A05C5E /* WinstonBoilerPlate */,
				48D6667824C2C9DE00B80074 /* Products */,
				48D6667B24C2CA7D00B80074 /* WinstonsBoilerPlate.app */,
				ECC68A7C19F99AF255109975 /* Pods */,
				B24477A196777F12FDED65FD /* Frameworks */,
			);
			sourceTree = "<group>";
		};
		111575AA1E845B9300A05C5E /* WinstonBoilerPlate */ = {
			isa = PBXGroup;
			children = (
				111575BE1E845BE800A05C5E /* AppDelegate.swift */,
				48AF8B802CB5FAA50077D3C5 /* MenuViewController.swift */,
				48AF8B822CB60D630077D3C5 /* Item.swift */,
				111575C11E845BE800A05C5E /* ImageDemoViewController.swift */,
				48AF8B7E2CB5ED260077D3C5 /* ImageDemoView.swift */,
				111575B21E845B9300A05C5E /* Assets.xcassets */,
				111575B41E845B9300A05C5E /* LaunchScreen.storyboard */,
				111575B71E845B9300A05C5E /* Info.plist */,
			);
			path = WinstonBoilerPlate;
			sourceTree = "<group>";
		};
		48D6667824C2C9DE00B80074 /* Products */ = {
			isa = PBXGroup;
			children = (
			);
			path = Products;
			sourceTree = "<group>";
		};
		B24477A196777F12FDED65FD /* Frameworks */ = {
			isa = PBXGroup;
			children = (
				1E8CEDC6B6C2D3DD5FE13FE1 /* Pods_WinstonBoilerPlate.framework */,
			);
			name = Frameworks;
			sourceTree = "<group>";
		};
		ECC68A7C19F99AF255109975 /* Pods */ = {
			isa = PBXGroup;
			children = (
				020846AB7F5B856727A58D6C /* Pods-WinstonBoilerPlate.debug.xcconfig */,
				906600465DFA62A615CE64A0 /* Pods-WinstonBoilerPlate.release.xcconfig */,
			);
			path = Pods;
			sourceTree = "<group>";
		};
/* End PBXGroup section */

/* Begin PBXNativeTarget section */
		111575A71E845B9300A05C5E /* WinstonBoilerPlate */ = {
			isa = PBXNativeTarget;
			buildConfigurationList = 111575BA1E845B9300A05C5E /* Build configuration list for PBXNativeTarget "WinstonBoilerPlate" */;
			buildPhases = (
				1B88A1F91124B14129064CF4 /* [CP] Check Pods Manifest.lock */,
				111575A41E845B9300A05C5E /* Sources */,
				111575A51E845B9300A05C5E /* Frameworks */,
				111575A61E845B9300A05C5E /* Resources */,
				2EBBBB82D87B6A67FC987F12 /* [CP] Embed Pods Frameworks */,
			);
			buildRules = (
			);
			dependencies = (
			);
			name = WinstonBoilerPlate;
			productName = ViewsProgrammatically;
			productReference = 48D6667B24C2CA7D00B80074 /* WinstonsBoilerPlate.app */;
			productType = "com.apple.product-type.application";
		};
/* End PBXNativeTarget section */

/* Begin PBXProject section */
		111575A01E845B9300A05C5E /* Project object */ = {
			isa = PBXProject;
			attributes = {
				LastSwiftUpdateCheck = 0820;
				LastUpgradeCheck = 0820;
				ORGANIZATIONNAME = Dougly;
				TargetAttributes = {
					111575A71E845B9300A05C5E = {
						CreatedOnToolsVersion = 8.2.1;
						DevelopmentTeam = 3QK4A3Y8M9;
						LastSwiftMigration = 0820;
						ProvisioningStyle = Automatic;
					};
				};
			};
			buildConfigurationList = 111575A31E845B9300A05C5E /* Build configuration list for PBXProject "WinstonBoilerPlate" */;
			compatibilityVersion = "Xcode 3.2";
			developmentRegion = English;
			hasScannedForEncodings = 0;
			knownRegions = (
				English,
				en,
				Base,
			);
			mainGroup = 1115759F1E845B9300A05C5E;
			productRefGroup = 1115759F1E845B9300A05C5E;
			projectDirPath = "";
			projectRoot = "";
			targets = (
				111575A71E845B9300A05C5E /* WinstonBoilerPlate */,
			);
		};
/* End PBXProject section */

/* Begin PBXResourcesBuildPhase section */
		111575A61E845B9300A05C5E /* Resources */ = {
			isa = PBXResourcesBuildPhase;
			buildActionMask = 2147483647;
			files = (
				111575B61E845B9300A05C5E /* LaunchScreen.storyboard in Resources */,
				111575B31E845B9300A05C5E /* Assets.xcassets in Resources */,
			);
			runOnlyForDeploymentPostprocessing = 0;
		};
/* End PBXResourcesBuildPhase section */

/* Begin PBXShellScriptBuildPhase section */
		1B88A1F91124B14129064CF4 /* [CP] Check Pods Manifest.lock */ = {
			isa = PBXShellScriptBuildPhase;
			buildActionMask = 2147483647;
			files = (
			);
			inputFileListPaths = (
			);
			inputPaths = (
				"${PODS_PODFILE_DIR_PATH}/Podfile.lock",
				"${PODS_ROOT}/Manifest.lock",
			);
			name = "[CP] Check Pods Manifest.lock";
			outputFileListPaths = (
			);
			outputPaths = (
				"$(DERIVED_FILE_DIR)/Pods-WinstonBoilerPlate-checkManifestLockResult.txt",
			);
			runOnlyForDeploymentPostprocessing = 0;
			shellPath = /bin/sh;
			shellScript = "diff \"${PODS_PODFILE_DIR_PATH}/Podfile.lock\" \"${PODS_ROOT}/Manifest.lock\" > /dev/null\nif [ $? != 0 ] ; then\n    # print error to STDERR\n    echo \"error: The sandbox is not in sync with the Podfile.lock. Run 'pod install' or update your CocoaPods installation.\" >&2\n    exit 1\nfi\n# This output is used by Xcode 'outputs' to avoid re-running this script phase.\necho \"SUCCESS\" > \"${SCRIPT_OUTPUT_FILE_0}\"\n";
			showEnvVarsInLog = 0;
		};
		2EBBBB82D87B6A67FC987F12 /* [CP] Embed Pods Frameworks */ = {
			isa = PBXShellScriptBuildPhase;
			buildActionMask = 2147483647;
			files = (
			);
			inputPaths = (
				"${PODS_ROOT}/Target Support Files/Pods-WinstonBoilerPlate/Pods-WinstonBoilerPlate-frameworks.sh",
				"${BUILT_PRODUCTS_DIR}/Gifu/Gifu.framework",
				"${BUILT_PRODUCTS_DIR}/Nuke/Nuke.framework",
				"${BUILT_PRODUCTS_DIR}/NukeUI/NukeUI.framework",
				"${BUILT_PRODUCTS_DIR}/RxCocoa/RxCocoa.framework",
				"${BUILT_PRODUCTS_DIR}/RxRelay/RxRelay.framework",
				"${BUILT_PRODUCTS_DIR}/RxSwift/RxSwift.framework",
				"${BUILT_PRODUCTS_DIR}/RxSwiftExt/RxSwiftExt.framework",
				"${BUILT_PRODUCTS_DIR}/TinyConstraints/TinyConstraints.framework",
			);
			name = "[CP] Embed Pods Frameworks";
			outputPaths = (
				"${TARGET_BUILD_DIR}/${FRAMEWORKS_FOLDER_PATH}/Gifu.framework",
				"${TARGET_BUILD_DIR}/${FRAMEWORKS_FOLDER_PATH}/Nuke.framework",
				"${TARGET_BUILD_DIR}/${FRAMEWORKS_FOLDER_PATH}/NukeUI.framework",
				"${TARGET_BUILD_DIR}/${FRAMEWORKS_FOLDER_PATH}/RxCocoa.framework",
				"${TARGET_BUILD_DIR}/${FRAMEWORKS_FOLDER_PATH}/RxRelay.framework",
				"${TARGET_BUILD_DIR}/${FRAMEWORKS_FOLDER_PATH}/RxSwift.framework",
				"${TARGET_BUILD_DIR}/${FRAMEWORKS_FOLDER_PATH}/RxSwiftExt.framework",
				"${TARGET_BUILD_DIR}/${FRAMEWORKS_FOLDER_PATH}/TinyConstraints.framework",
			);
			runOnlyForDeploymentPostprocessing = 0;
			shellPath = /bin/sh;
			shellScript = "\"${PODS_ROOT}/Target Support Files/Pods-WinstonBoilerPlate/Pods-WinstonBoilerPlate-frameworks.sh\"\n";
			showEnvVarsInLog = 0;
		};
/* End PBXShellScriptBuildPhase section */

/* Begin PBXSourcesBuildPhase section */
		111575A41E845B9300A05C5E /* Sources */ = {
			isa = PBXSourcesBuildPhase;
			buildActionMask = 2147483647;
			files = (
				486092AF24C2C58D000A3014 /* AppDelegate.swift in Sources */,
				48AF8B7F2CB5ED2C0077D3C5 /* ImageDemoView.swift in Sources */,
				48AF8B832CB60D660077D3C5 /* Item.swift in Sources */,
				486092B024C2C58D000A3014 /* ImageDemoViewController.swift in Sources */,
				48AF8B812CB5FAAA0077D3C5 /* MenuViewController.swift in Sources */,
			);
			runOnlyForDeploymentPostprocessing = 0;
		};
/* End PBXSourcesBuildPhase section */

/* Begin PBXVariantGroup section */
		111575B41E845B9300A05C5E /* LaunchScreen.storyboard */ = {
			isa = PBXVariantGroup;
			children = (
				111575B51E845B9300A05C5E /* Base */,
			);
			name = LaunchScreen.storyboard;
			sourceTree = "<group>";
		};
/* End PBXVariantGroup section */

/* Begin XCBuildConfiguration section */
		111575B81E845B9300A05C5E /* Debug */ = {
			isa = XCBuildConfiguration;
			buildSettings = {
				ALWAYS_SEARCH_USER_PATHS = NO;
				CLANG_ANALYZER_NONNULL = YES;
				CLANG_CXX_LANGUAGE_STANDARD = "gnu++0x";
				CLANG_CXX_LIBRARY = "libc++";
				CLANG_ENABLE_MODULES = YES;
				CLANG_ENABLE_OBJC_ARC = YES;
				CLANG_WARN_BOOL_CONVERSION = YES;
				CLANG_WARN_CONSTANT_CONVERSION = YES;
				CLANG_WARN_DIRECT_OBJC_ISA_USAGE = YES_ERROR;
				CLANG_WARN_DOCUMENTATION_COMMENTS = YES;
				CLANG_WARN_EMPTY_BODY = YES;
				CLANG_WARN_ENUM_CONVERSION = YES;
				CLANG_WARN_INFINITE_RECURSION = YES;
				CLANG_WARN_INT_CONVERSION = YES;
				CLANG_WARN_OBJC_ROOT_CLASS = YES_ERROR;
				CLANG_WARN_SUSPICIOUS_MOVE = YES;
				CLANG_WARN_UNREACHABLE_CODE = YES;
				CLANG_WARN__DUPLICATE_METHOD_MATCH = YES;
				"CODE_SIGN_IDENTITY[sdk=iphoneos*]" = "iPhone Developer";
				COPY_PHASE_STRIP = NO;
				DEBUG_INFORMATION_FORMAT = dwarf;
				ENABLE_STRICT_OBJC_MSGSEND = YES;
				ENABLE_TESTABILITY = YES;
				GCC_C_LANGUAGE_STANDARD = gnu99;
				GCC_DYNAMIC_NO_PIC = NO;
				GCC_NO_COMMON_BLOCKS = YES;
				GCC_OPTIMIZATION_LEVEL = 0;
				GCC_PREPROCESSOR_DEFINITIONS = (
					"DEBUG=1",
					"$(inherited)",
				);
				GCC_WARN_64_TO_32_BIT_CONVERSION = YES;
				GCC_WARN_ABOUT_RETURN_TYPE = YES_ERROR;
				GCC_WARN_UNDECLARED_SELECTOR = YES;
				GCC_WARN_UNINITIALIZED_AUTOS = YES_AGGRESSIVE;
				GCC_WARN_UNUSED_FUNCTION = YES;
				GCC_WARN_UNUSED_VARIABLE = YES;
				IPHONEOS_DEPLOYMENT_TARGET = 13.2;
				MTL_ENABLE_DEBUG_INFO = YES;
				ONLY_ACTIVE_ARCH = YES;
				SDKROOT = iphoneos;
				SWIFT_ACTIVE_COMPILATION_CONDITIONS = DEBUG;
				SWIFT_OPTIMIZATION_LEVEL = "-Onone";
				TARGETED_DEVICE_FAMILY = "1,2";
			};
			name = Debug;
		};
		111575B91E845B9300A05C5E /* Release */ = {
			isa = XCBuildConfiguration;
			buildSettings = {
				ALWAYS_SEARCH_USER_PATHS = NO;
				CLANG_ANALYZER_NONNULL = YES;
				CLANG_CXX_LANGUAGE_STANDARD = "gnu++0x";
				CLANG_CXX_LIBRARY = "libc++";
				CLANG_ENABLE_MODULES = YES;
				CLANG_ENABLE_OBJC_ARC = YES;
				CLANG_WARN_BOOL_CONVERSION = YES;
				CLANG_WARN_CONSTANT_CONVERSION = YES;
				CLANG_WARN_DIRECT_OBJC_ISA_USAGE = YES_ERROR;
				CLANG_WARN_DOCUMENTATION_COMMENTS = YES;
				CLANG_WARN_EMPTY_BODY = YES;
				CLANG_WARN_ENUM_CONVERSION = YES;
				CLANG_WARN_INFINITE_RECURSION = YES;
				CLANG_WARN_INT_CONVERSION = YES;
				CLANG_WARN_OBJC_ROOT_CLASS = YES_ERROR;
				CLANG_WARN_SUSPICIOUS_MOVE = YES;
				CLANG_WARN_UNREACHABLE_CODE = YES;
				CLANG_WARN__DUPLICATE_METHOD_MATCH = YES;
				"CODE_SIGN_IDENTITY[sdk=iphoneos*]" = "iPhone Developer";
				COPY_PHASE_STRIP = NO;
				DEBUG_INFORMATION_FORMAT = "dwarf-with-dsym";
				ENABLE_NS_ASSERTIONS = NO;
				ENABLE_STRICT_OBJC_MSGSEND = YES;
				GCC_C_LANGUAGE_STANDARD = gnu99;
				GCC_NO_COMMON_BLOCKS = YES;
				GCC_WARN_64_TO_32_BIT_CONVERSION = YES;
				GCC_WARN_ABOUT_RETURN_TYPE = YES_ERROR;
				GCC_WARN_UNDECLARED_SELECTOR = YES;
				GCC_WARN_UNINITIALIZED_AUTOS = YES_AGGRESSIVE;
				GCC_WARN_UNUSED_FUNCTION = YES;
				GCC_WARN_UNUSED_VARIABLE = YES;
				IPHONEOS_DEPLOYMENT_TARGET = 13.2;
				MTL_ENABLE_DEBUG_INFO = NO;
				SDKROOT = iphoneos;
				SWIFT_OPTIMIZATION_LEVEL = "-Owholemodule";
				TARGETED_DEVICE_FAMILY = "1,2";
				VALIDATE_PRODUCT = YES;
			};
			name = Release;
		};
		111575BB1E845B9300A05C5E /* Debug */ = {
			isa = XCBuildConfiguration;
			baseConfigurationReference = 020846AB7F5B856727A58D6C /* Pods-WinstonBoilerPlate.debug.xcconfig */;
			buildSettings = {
				ASSETCATALOG_COMPILER_APPICON_NAME = AppIcon;
				CLANG_ENABLE_MODULES = YES;
				DEVELOPMENT_TEAM = 3QK4A3Y8M9;
				INFOPLIST_FILE = "$(SRCROOT)/WinstonBoilerPlate/Info.plist";
				IPHONEOS_DEPLOYMENT_TARGET = 14.0;
				LD_RUNPATH_SEARCH_PATHS = "$(inherited) @executable_path/Frameworks";
				PRODUCT_BUNDLE_IDENTIFIER = com.winston.boilerplate;
				PRODUCT_NAME = WinstonsBoilerPlate;
				SWIFT_OBJC_BRIDGING_HEADER = "";
				SWIFT_OPTIMIZATION_LEVEL = "-Onone";
				SWIFT_VERSION = 5.0;
			};
			name = Debug;
		};
		111575BC1E845B9300A05C5E /* Release */ = {
			isa = XCBuildConfiguration;
			baseConfigurationReference = 906600465DFA62A615CE64A0 /* Pods-WinstonBoilerPlate.release.xcconfig */;
			buildSettings = {
				ASSETCATALOG_COMPILER_APPICON_NAME = AppIcon;
				CLANG_ENABLE_MODULES = YES;
				DEVELOPMENT_TEAM = 3QK4A3Y8M9;
				INFOPLIST_FILE = "$(SRCROOT)/WinstonBoilerPlate/Info.plist";
				IPHONEOS_DEPLOYMENT_TARGET = 14.0;
				LD_RUNPATH_SEARCH_PATHS = "$(inherited) @executable_path/Frameworks";
				PRODUCT_BUNDLE_IDENTIFIER = com.winston.boilerplate;
				PRODUCT_NAME = WinstonsBoilerPlate;
				SWIFT_OBJC_BRIDGING_HEADER = "";
				SWIFT_VERSION = 5.0;
			};
			name = Release;
		};
/* End XCBuildConfiguration section */

/* Begin XCConfigurationList section */
		111575A31E845B9300A05C5E /* Build configuration list for PBXProject "WinstonBoilerPlate" */ = {
			isa = XCConfigurationList;
			buildConfigurations = (
				111575B81E845B9300A05C5E /* Debug */,
				111575B91E845B9300A05C5E /* Release */,
			);
			defaultConfigurationIsVisible = 0;
			defaultConfigurationName = Release;
		};
		111575BA1E845B9300A05C5E /* Build configuration list for PBXNativeTarget "WinstonBoilerPlate" */ = {
			isa = XCConfigurationList;
			buildConfigurations = (
				111575BB1E845B9300A05C5E /* Debug */,
				111575BC1E845B9300A05C5E /* Release */,
			);
			defaultConfigurationIsVisible = 0;
			defaultConfigurationName = Release;
		};
/* End XCConfigurationList section */
	};
	rootObject = 111575A01E845B9300A05C5E /* Project object */;
}
